
Microsoft Visual Studio Solution File, Format Version 12.00
# Visual Studio Version 16
VisualStudioVersion = 16.0.30204.135
MinimumVisualStudioVersion = 10.0.40219.1
Project("{FAE04EC0-301F-11D3-BF4B-00C04F79EFBC}") = "HackerRank", "HackerRank.csproj", "{E90BE0F9-064D-4E5D-91CB-4EB062B8590D}"
EndProject
Global
	GlobalSection(SolutionConfigurationPlatforms) = preSolution
		Debug|Any CPU = Debug|Any CPU
		Release|Any CPU = Release|Any CPU
	EndGlobalSection
	GlobalSection(ProjectConfigurationPlatforms) = postSolution
		{E90BE0F9-064D-4E5D-91CB-4EB062B8590D}.Debug|Any CPU.ActiveCfg = Debug|Any CPU
		{E90BE0F9-064D-4E5D-91CB-4EB062B8590D}.Debug|Any CPU.Build.0 = Debug|Any CPU
		{E90BE0F9-064D-4E5D-91CB-4EB062B8590D}.Release|Any CPU.ActiveCfg = Release|Any CPU
		{E90BE0F9-064D-4E5D-91CB-4EB062B8590D}.Release|Any CPU.Build.0 = Release|Any CPU
	EndGlobalSection
	GlobalSection(SolutionProperties) = preSolution
		HideSolutionNode = FALSE
	EndGlobalSection
	GlobalSection(ExtensibilityGlobals) = postSolution
		SolutionGuid = {132AE0AC-F97B-4817-913B-2F64E385803C}
	EndGlobalSection
EndGlobal
